{
  "originHash" : "d5e24ae0132aeb75d795841bcffdc4eef2021fdf4f20a27ee6ce2ec9631b5039",
  "pins" : [
    {
      "identity" : "alamofire",
      "kind" : "remoteSourceControl",
      "location" : "https://github.com/Alamofire/Alamofire",
      "state" : {
        "revision" : "d120af1e8638c7da36c8481fd61a66c0c08dc4fc",
        "version" : "5.4.4"
      }
    },
    {
      "identity" : "fredkit",
      "kind" : "remoteSourceControl",
      "location" : "https://github.com/frogg/FredKit",
      "state" : {
        "revision" : "2b4751b25a1405790c5b6beb6fdeba5530b8419a",
        "version" : "0.1.61"
      }
    },
    {
      "identity" : "launchatlogin",
      "kind" : "remoteSourceControl",
      "location" : "https://github.com/sindresorhus/LaunchAtLogin",
      "state" : {
        "revision" : "e8171b3e38a2816f579f58f3dac1522aa39efe41",
        "version" : "4.2.0"
      }
    }
  ],
  "version" : 3
}
